<?xml version="1.0" encoding="UTF-8" standalone="yes" ?>
<CodeBlocks_project_file>
	<FileVersion major="1" minor="6" />
	<Project>
		<Option title="SchoolOSClient" />
		<Option pch_mode="2" />
		<Option compiler="gcc" />
		<Build>
			<Target title="Debug">
				<Option output="bin/Debug/SchoolOSClient" prefix_auto="1" extension_auto="1" />
				<Option object_output="obj/Debug/" />
				<Option type="1" />
				<Option compiler="gcc" />
				<Compiler>
					<Add option="-g" />
					<Add directory="include" />
					<Add directory="SchoolOSClient/SchoolOSClient/include" />
				</Compiler>
				<Linker>
					<Add directory="include" />
					<Add directory="../../SchoolOSProtocol/Client/CPP/Data" />
					<Add directory="../../SchoolOSProtocol/Client/CPP/User" />
					<Add directory="../../SchoolOSProtocol/Server/CPP/Data" />
					<Add directory="../../SchoolOSProtocol/Server/CPP/User" />
				</Linker>
			</Target>
			<Target title="Release">
				<Option output="bin/Release/SchoolOSClient" prefix_auto="1" extension_auto="1" />
				<Option object_output="obj/Release/" />
				<Option type="1" />
				<Option compiler="gcc" />
				<Compiler>
					<Add option="-O2" />
					<Add directory="include" />
					<Add directory="SchoolOSClient/SchoolOSClient/include" />
				</Compiler>
				<Linker>
					<Add option="-s" />
				</Linker>
			</Target>
		</Build>
		<Compiler>
			<Add option="-Wall" />
			<Add directory="include" />
			<Add directory="../../SchoolOSProtocol/Client/CPP/Data" />
			<Add directory="../../SchoolOSProtocol/Client/CPP/User" />
			<Add directory="../../SchoolOSProtocol/Server/CPP/Data" />
			<Add directory="../../SchoolOSProtocol/Server/CPP/User" />
		</Compiler>
		<Linker>
			<Add directory="include" />
			<Add directory="../../SchoolOSProtocol/Client/CPP/Data" />
			<Add directory="../../SchoolOSProtocol/Client/CPP/User" />
			<Add directory="../../SchoolOSProtocol/Server/CPP/Data" />
			<Add directory="../../SchoolOSProtocol/Server/CPP/User" />
		</Linker>
		<Unit filename="../../SchoolOSProtocol/Client/CPP/Data/Files.pb.cc" />
		<Unit filename="../../SchoolOSProtocol/Client/CPP/Data/Files.pb.h" />
		<Unit filename="../../SchoolOSProtocol/Client/CPP/User/Login.pb.cc" />
		<Unit filename="../../SchoolOSProtocol/Client/CPP/User/Login.pb.h" />
		<Unit filename="../../SchoolOSProtocol/Server/CPP/Data/Files.pb.cc" />
		<Unit filename="../../SchoolOSProtocol/Server/CPP/Data/Files.pb.h" />
		<Unit filename="../../SchoolOSProtocol/Server/CPP/User/Login.pb.cc" />
		<Unit filename="../../SchoolOSProtocol/Server/CPP/User/Login.pb.h" />
		<Unit filename="include/ProgrammManager.h" />
		<Unit filename="include/Server.h" />
		<Unit filename="src/ProgrammManager.cpp" />
		<Unit filename="src/Server.cpp" />
		<Extensions>
			<code_completion />
			<debugger />
		</Extensions>
	</Project>
</CodeBlocks_project_file>
